
Microsoft Visual Studio Solution File, Format Version 12.00
# Visual Studio Version 17
VisualStudioVersion = 17.5.002.0
MinimumVisualStudioVersion = 10.0.40219.1
Project("{9A19103F-16F7-4668-BE54-9A1E7A4F7556}") = "New Folder", "New Folder.csproj", "{736A36A5-2801-43A1-B51A-2785432D048F}"
EndProject
Global
	GlobalSection(SolutionConfigurationPlatforms) = preSolution
		Debug|Any CPU = Debug|Any CPU
		Release|Any CPU = Release|Any CPU
	EndGlobalSection
	GlobalSection(ProjectConfigurationPlatforms) = postSolution
		{736A36A5-2801-43A1-B51A-2785432D048F}.Debug|Any CPU.ActiveCfg = Debug|Any CPU
		{736A36A5-2801-43A1-B51A-2785432D048F}.Debug|Any CPU.Build.0 = Debug|Any CPU
		{736A36A5-2801-43A1-B51A-2785432D048F}.Release|Any CPU.ActiveCfg = Release|Any CPU
		{736A36A5-2801-43A1-B51A-2785432D048F}.Release|Any CPU.Build.0 = Release|Any CPU
	EndGlobalSection
	GlobalSection(SolutionProperties) = preSolution
		HideSolutionNode = FALSE
	EndGlobalSection
	GlobalSection(ExtensibilityGlobals) = postSolution
		SolutionGuid = {C2F36CEB-E93C-4A15-A2E1-215DE9F79D44}
	EndGlobalSection
EndGlobal
